// !$*UTF8*$!
{
	archiveVersion = 1;
	classes = {
	};
	objectVersion = 50;
	objects = {

/* Begin PBXBuildFile section */
		0580130A235E6C3200BDC9A3 /* User.xcdatamodeld in Sources */ = {isa = PBXBuildFile; fileRef = 05801308235E6C3200BDC9A3 /* User.xcdatamodeld */; };
		0580130C235E6C6D00BDC9A3 /* CoreDataStack.swift in Sources */ = {isa = PBXBuildFile; fileRef = 0580130B235E6C6D00BDC9A3 /* CoreDataStack.swift */; };
		0580130E235E6CAE00BDC9A3 /* UserRepresentation.swift in Sources */ = {isa = PBXBuildFile; fileRef = 0580130D235E6CAE00BDC9A3 /* UserRepresentation.swift */; };
		05801310235E6CF000BDC9A3 /* SignInViewController.swift in Sources */ = {isa = PBXBuildFile; fileRef = 0580130F235E6CF000BDC9A3 /* SignInViewController.swift */; };
		320ACB1E235E4991003D1BE4 /* AppDelegate.swift in Sources */ = {isa = PBXBuildFile; fileRef = 320ACB1D235E4991003D1BE4 /* AppDelegate.swift */; };
		320ACB20235E4991003D1BE4 /* SceneDelegate.swift in Sources */ = {isa = PBXBuildFile; fileRef = 320ACB1F235E4991003D1BE4 /* SceneDelegate.swift */; };
		320ACB25235E4991003D1BE4 /* BookATripMain.storyboard in Resources */ = {isa = PBXBuildFile; fileRef = 320ACB23235E4991003D1BE4 /* BookATripMain.storyboard */; };
		320ACB2A235E4992003D1BE4 /* Assets.xcassets in Resources */ = {isa = PBXBuildFile; fileRef = 320ACB29235E4992003D1BE4 /* Assets.xcassets */; };
		320ACB2D235E4992003D1BE4 /* LaunchScreen.storyboard in Resources */ = {isa = PBXBuildFile; fileRef = 320ACB2B235E4992003D1BE4 /* LaunchScreen.storyboard */; };
		320ACB3A235E4B64003D1BE4 /* Lato-Regular.ttf in Resources */ = {isa = PBXBuildFile; fileRef = 320ACB39235E4B64003D1BE4 /* Lato-Regular.ttf */; };
		320ACB3C235E4B72003D1BE4 /* Lato-Light.ttf in Resources */ = {isa = PBXBuildFile; fileRef = 320ACB3B235E4B72003D1BE4 /* Lato-Light.ttf */; };
		320ACB3E235E4B7D003D1BE4 /* Lato-Bold.ttf in Resources */ = {isa = PBXBuildFile; fileRef = 320ACB3D235E4B7D003D1BE4 /* Lato-Bold.ttf */; };
		320ACB40235E517A003D1BE4 /* CustomColors.swift in Sources */ = {isa = PBXBuildFile; fileRef = 320ACB3F235E517A003D1BE4 /* CustomColors.swift */; };
		320ACB42235E5503003D1BE4 /* BookATripMainViewController.swift in Sources */ = {isa = PBXBuildFile; fileRef = 320ACB41235E5503003D1BE4 /* BookATripMainViewController.swift */; };
		320ACB44235E5C4C003D1BE4 /* DestinationCollectionViewCell.swift in Sources */ = {isa = PBXBuildFile; fileRef = 320ACB43235E5C4C003D1BE4 /* DestinationCollectionViewCell.swift */; };
		320ACB46235E61CF003D1BE4 /* BookTripViewController.swift in Sources */ = {isa = PBXBuildFile; fileRef = 320ACB45235E61CF003D1BE4 /* BookTripViewController.swift */; };
/* End PBXBuildFile section */

/* Begin PBXFileReference section */
		05801309235E6C3200BDC9A3 /* User.xcdatamodel */ = {isa = PBXFileReference; lastKnownFileType = wrapper.xcdatamodel; path = User.xcdatamodel; sourceTree = "<group>"; };
		0580130B235E6C6D00BDC9A3 /* CoreDataStack.swift */ = {isa = PBXFileReference; lastKnownFileType = sourcecode.swift; path = CoreDataStack.swift; sourceTree = "<group>"; };
		0580130D235E6CAE00BDC9A3 /* UserRepresentation.swift */ = {isa = PBXFileReference; lastKnownFileType = sourcecode.swift; path = UserRepresentation.swift; sourceTree = "<group>"; };
		0580130F235E6CF000BDC9A3 /* SignInViewController.swift */ = {isa = PBXFileReference; lastKnownFileType = sourcecode.swift; path = SignInViewController.swift; sourceTree = "<group>"; };
		320ACB1A235E4991003D1BE4 /* Kids Fly.app */ = {isa = PBXFileReference; explicitFileType = wrapper.application; includeInIndex = 0; path = "Kids Fly.app"; sourceTree = BUILT_PRODUCTS_DIR; };
		320ACB1D235E4991003D1BE4 /* AppDelegate.swift */ = {isa = PBXFileReference; lastKnownFileType = sourcecode.swift; path = AppDelegate.swift; sourceTree = "<group>"; };
		320ACB1F235E4991003D1BE4 /* SceneDelegate.swift */ = {isa = PBXFileReference; lastKnownFileType = sourcecode.swift; path = SceneDelegate.swift; sourceTree = "<group>"; };
		320ACB24235E4991003D1BE4 /* Base */ = {isa = PBXFileReference; lastKnownFileType = file.storyboard; name = Base; path = Base.lproj/BookATripMain.storyboard; sourceTree = "<group>"; };
		320ACB29235E4992003D1BE4 /* Assets.xcassets */ = {isa = PBXFileReference; lastKnownFileType = folder.assetcatalog; path = Assets.xcassets; sourceTree = "<group>"; };
		320ACB2C235E4992003D1BE4 /* Base */ = {isa = PBXFileReference; lastKnownFileType = file.storyboard; name = Base; path = Base.lproj/LaunchScreen.storyboard; sourceTree = "<group>"; };
		320ACB2E235E4992003D1BE4 /* Info.plist */ = {isa = PBXFileReference; lastKnownFileType = text.plist.xml; path = Info.plist; sourceTree = "<group>"; };
		320ACB39235E4B64003D1BE4 /* Lato-Regular.ttf */ = {isa = PBXFileReference; lastKnownFileType = file; path = "Lato-Regular.ttf"; sourceTree = "<group>"; };
		320ACB3B235E4B72003D1BE4 /* Lato-Light.ttf */ = {isa = PBXFileReference; lastKnownFileType = file; path = "Lato-Light.ttf"; sourceTree = "<group>"; };
		320ACB3D235E4B7D003D1BE4 /* Lato-Bold.ttf */ = {isa = PBXFileReference; lastKnownFileType = file; path = "Lato-Bold.ttf"; sourceTree = "<group>"; };
		320ACB3F235E517A003D1BE4 /* CustomColors.swift */ = {isa = PBXFileReference; lastKnownFileType = sourcecode.swift; path = CustomColors.swift; sourceTree = "<group>"; };
		320ACB41235E5503003D1BE4 /* BookATripMainViewController.swift */ = {isa = PBXFileReference; lastKnownFileType = sourcecode.swift; path = BookATripMainViewController.swift; sourceTree = "<group>"; };
		320ACB43235E5C4C003D1BE4 /* DestinationCollectionViewCell.swift */ = {isa = PBXFileReference; lastKnownFileType = sourcecode.swift; path = DestinationCollectionViewCell.swift; sourceTree = "<group>"; };
		320ACB45235E61CF003D1BE4 /* BookTripViewController.swift */ = {isa = PBXFileReference; lastKnownFileType = sourcecode.swift; path = BookTripViewController.swift; sourceTree = "<group>"; };
/* End PBXFileReference section */

/* Begin PBXFrameworksBuildPhase section */
		320ACB17235E4991003D1BE4 /* Frameworks */ = {
			isa = PBXFrameworksBuildPhase;
			buildActionMask = 2147483647;
			files = (
			);
			runOnlyForDeploymentPostprocessing = 0;
		};
/* End PBXFrameworksBuildPhase section */

/* Begin PBXGroup section */
		320ACB11235E4991003D1BE4 = {
			isa = PBXGroup;
			children = (
				320ACB1C235E4991003D1BE4 /* Kids Fly */,
				320ACB1B235E4991003D1BE4 /* Products */,
			);
			sourceTree = "<group>";
		};
		320ACB1B235E4991003D1BE4 /* Products */ = {
			isa = PBXGroup;
			children = (
				320ACB1A235E4991003D1BE4 /* Kids Fly.app */,
			);
			name = Products;
			sourceTree = "<group>";
		};
		320ACB1C235E4991003D1BE4 /* Kids Fly */ = {
			isa = PBXGroup;
			children = (
				320ACB37235E49D1003D1BE4 /* Models */,
				320ACB38235E49D7003D1BE4 /* Model Controllers */,
				320ACB36235E49B9003D1BE4 /* View Controllers */,
				320ACB35235E49B1003D1BE4 /* Views */,
				320ACB34235E499C003D1BE4 /* Resources */,
				320ACB2E235E4992003D1BE4 /* Info.plist */,
				320ACB3F235E517A003D1BE4 /* CustomColors.swift */,
			);
			path = "Kids Fly";
			sourceTree = "<group>";
		};
		320ACB34235E499C003D1BE4 /* Resources */ = {
			isa = PBXGroup;
			children = (
				320ACB1D235E4991003D1BE4 /* AppDelegate.swift */,
				320ACB1F235E4991003D1BE4 /* SceneDelegate.swift */,
				320ACB29235E4992003D1BE4 /* Assets.xcassets */,
				320ACB39235E4B64003D1BE4 /* Lato-Regular.ttf */,
				320ACB3B235E4B72003D1BE4 /* Lato-Light.ttf */,
				320ACB3D235E4B7D003D1BE4 /* Lato-Bold.ttf */,
			);
			path = Resources;
			sourceTree = "<group>";
		};
		320ACB35235E49B1003D1BE4 /* Views */ = {
			isa = PBXGroup;
			children = (
				320ACB23235E4991003D1BE4 /* BookATripMain.storyboard */,
				320ACB2B235E4992003D1BE4 /* LaunchScreen.storyboard */,
			);
			path = Views;
			sourceTree = "<group>";
		};
		320ACB36235E49B9003D1BE4 /* View Controllers */ = {
			isa = PBXGroup;
			children = (
				320ACB41235E5503003D1BE4 /* BookATripMainViewController.swift */,
				320ACB43235E5C4C003D1BE4 /* DestinationCollectionViewCell.swift */,
				320ACB45235E61CF003D1BE4 /* BookTripViewController.swift */,
				0580130F235E6CF000BDC9A3 /* SignInViewController.swift */,
			);
			path = "View Controllers";
			sourceTree = "<group>";
		};
		320ACB37235E49D1003D1BE4 /* Models */ = {
			isa = PBXGroup;
			children = (
				05801308235E6C3200BDC9A3 /* User.xcdatamodeld */,
				0580130B235E6C6D00BDC9A3 /* CoreDataStack.swift */,
				0580130D235E6CAE00BDC9A3 /* UserRepresentation.swift */,
			);
			path = Models;
			sourceTree = "<group>";
		};
		320ACB38235E49D7003D1BE4 /* Model Controllers */ = {
			isa = PBXGroup;
			children = (
			);
			path = "Model Controllers";
			sourceTree = "<group>";
		};
/* End PBXGroup section */

/* Begin PBXNativeTarget section */
		320ACB19235E4991003D1BE4 /* Kids Fly */ = {
			isa = PBXNativeTarget;
			buildConfigurationList = 320ACB31235E4992003D1BE4 /* Build configuration list for PBXNativeTarget "Kids Fly" */;
			buildPhases = (
				320ACB16235E4991003D1BE4 /* Sources */,
				320ACB17235E4991003D1BE4 /* Frameworks */,
				320ACB18235E4991003D1BE4 /* Resources */,
			);
			buildRules = (
			);
			dependencies = (
			);
			name = "Kids Fly";
			productName = "Kids Fly";
			productReference = 320ACB1A235E4991003D1BE4 /* Kids Fly.app */;
			productType = "com.apple.product-type.application";
		};
/* End PBXNativeTarget section */

/* Begin PBXProject section */
		320ACB12235E4991003D1BE4 /* Project object */ = {
			isa = PBXProject;
			attributes = {
				LastSwiftUpdateCheck = 1100;
				LastUpgradeCheck = 1100;
				ORGANIZATIONNAME = "jake connerly";
				TargetAttributes = {
					320ACB19235E4991003D1BE4 = {
						CreatedOnToolsVersion = 11.0;
					};
				};
			};
			buildConfigurationList = 320ACB15235E4991003D1BE4 /* Build configuration list for PBXProject "Kids Fly" */;
			compatibilityVersion = "Xcode 9.3";
			developmentRegion = en;
			hasScannedForEncodings = 0;
			knownRegions = (
				en,
				Base,
			);
			mainGroup = 320ACB11235E4991003D1BE4;
			productRefGroup = 320ACB1B235E4991003D1BE4 /* Products */;
			projectDirPath = "";
			projectRoot = "";
			targets = (
				320ACB19235E4991003D1BE4 /* Kids Fly */,
			);
		};
/* End PBXProject section */

/* Begin PBXResourcesBuildPhase section */
		320ACB18235E4991003D1BE4 /* Resources */ = {
			isa = PBXResourcesBuildPhase;
			buildActionMask = 2147483647;
			files = (
				320ACB3C235E4B72003D1BE4 /* Lato-Light.ttf in Resources */,
				320ACB3E235E4B7D003D1BE4 /* Lato-Bold.ttf in Resources */,
				320ACB2D235E4992003D1BE4 /* LaunchScreen.storyboard in Resources */,
				320ACB2A235E4992003D1BE4 /* Assets.xcassets in Resources */,
				320ACB25235E4991003D1BE4 /* BookATripMain.storyboard in Resources */,
				320ACB3A235E4B64003D1BE4 /* Lato-Regular.ttf in Resources */,
			);
			runOnlyForDeploymentPostprocessing = 0;
		};
/* End PBXResourcesBuildPhase section */

/* Begin PBXSourcesBuildPhase section */
		320ACB16235E4991003D1BE4 /* Sources */ = {
			isa = PBXSourcesBuildPhase;
			buildActionMask = 2147483647;
			files = (
				0580130A235E6C3200BDC9A3 /* User.xcdatamodeld in Sources */,
				0580130E235E6CAE00BDC9A3 /* UserRepresentation.swift in Sources */,
				320ACB40235E517A003D1BE4 /* CustomColors.swift in Sources */,
				320ACB44235E5C4C003D1BE4 /* DestinationCollectionViewCell.swift in Sources */,
				320ACB1E235E4991003D1BE4 /* AppDelegate.swift in Sources */,
				05801310235E6CF000BDC9A3 /* SignInViewController.swift in Sources */,
				0580130C235E6C6D00BDC9A3 /* CoreDataStack.swift in Sources */,
				320ACB42235E5503003D1BE4 /* BookATripMainViewController.swift in Sources */,
				320ACB20235E4991003D1BE4 /* SceneDelegate.swift in Sources */,
				320ACB46235E61CF003D1BE4 /* BookTripViewController.swift in Sources */,
			);
			runOnlyForDeploymentPostprocessing = 0;
		};
/* End PBXSourcesBuildPhase section */

/* Begin PBXVariantGroup section */
		320ACB23235E4991003D1BE4 /* BookATripMain.storyboard */ = {
			isa = PBXVariantGroup;
			children = (
				320ACB24235E4991003D1BE4 /* Base */,
			);
			name = BookATripMain.storyboard;
			sourceTree = "<group>";
		};
		320ACB2B235E4992003D1BE4 /* LaunchScreen.storyboard */ = {
			isa = PBXVariantGroup;
			children = (
				320ACB2C235E4992003D1BE4 /* Base */,
			);
			name = LaunchScreen.storyboard;
			sourceTree = "<group>";
		};
/* End PBXVariantGroup section */

/* Begin XCBuildConfiguration section */
		320ACB2F235E4992003D1BE4 /* Debug */ = {
			isa = XCBuildConfiguration;
			buildSettings = {
				ALWAYS_SEARCH_USER_PATHS = NO;
				CLANG_ANALYZER_NONNULL = YES;
				CLANG_ANALYZER_NUMBER_OBJECT_CONVERSION = YES_AGGRESSIVE;
				CLANG_CXX_LANGUAGE_STANDARD = "gnu++14";
				CLANG_CXX_LIBRARY = "libc++";
				CLANG_ENABLE_MODULES = YES;
				CLANG_ENABLE_OBJC_ARC = YES;
				CLANG_ENABLE_OBJC_WEAK = YES;
				CLANG_WARN_BLOCK_CAPTURE_AUTORELEASING = YES;
				CLANG_WARN_BOOL_CONVERSION = YES;
				CLANG_WARN_COMMA = YES;
				CLANG_WARN_CONSTANT_CONVERSION = YES;
				CLANG_WARN_DEPRECATED_OBJC_IMPLEMENTATIONS = YES;
				CLANG_WARN_DIRECT_OBJC_ISA_USAGE = YES_ERROR;
				CLANG_WARN_DOCUMENTATION_COMMENTS = YES;
				CLANG_WARN_EMPTY_BODY = YES;
				CLANG_WARN_ENUM_CONVERSION = YES;
				CLANG_WARN_INFINITE_RECURSION = YES;
				CLANG_WARN_INT_CONVERSION = YES;
				CLANG_WARN_NON_LITERAL_NULL_CONVERSION = YES;
				CLANG_WARN_OBJC_IMPLICIT_RETAIN_SELF = YES;
				CLANG_WARN_OBJC_LITERAL_CONVERSION = YES;
				CLANG_WARN_OBJC_ROOT_CLASS = YES_ERROR;
				CLANG_WARN_RANGE_LOOP_ANALYSIS = YES;
				CLANG_WARN_STRICT_PROTOTYPES = YES;
				CLANG_WARN_SUSPICIOUS_MOVE = YES;
				CLANG_WARN_UNGUARDED_AVAILABILITY = YES_AGGRESSIVE;
				CLANG_WARN_UNREACHABLE_CODE = YES;
				CLANG_WARN__DUPLICATE_METHOD_MATCH = YES;
				COPY_PHASE_STRIP = NO;
				DEBUG_INFORMATION_FORMAT = dwarf;
				ENABLE_STRICT_OBJC_MSGSEND = YES;
				ENABLE_TESTABILITY = YES;
				GCC_C_LANGUAGE_STANDARD = gnu11;
				GCC_DYNAMIC_NO_PIC = NO;
				GCC_NO_COMMON_BLOCKS = YES;
				GCC_OPTIMIZATION_LEVEL = 0;
				GCC_PREPROCESSOR_DEFINITIONS = (
					"DEBUG=1",
					"$(inherited)",
				);
				GCC_WARN_64_TO_32_BIT_CONVERSION = YES;
				GCC_WARN_ABOUT_RETURN_TYPE = YES_ERROR;
				GCC_WARN_UNDECLARED_SELECTOR = YES;
				GCC_WARN_UNINITIALIZED_AUTOS = YES_AGGRESSIVE;
				GCC_WARN_UNUSED_FUNCTION = YES;
				GCC_WARN_UNUSED_VARIABLE = YES;
				IPHONEOS_DEPLOYMENT_TARGET = 13.0;
				MTL_ENABLE_DEBUG_INFO = INCLUDE_SOURCE;
				MTL_FAST_MATH = YES;
				ONLY_ACTIVE_ARCH = YES;
				SDKROOT = iphoneos;
				SWIFT_ACTIVE_COMPILATION_CONDITIONS = DEBUG;
				SWIFT_OPTIMIZATION_LEVEL = "-Onone";
			};
			name = Debug;
		};
		320ACB30235E4992003D1BE4 /* Release */ = {
			isa = XCBuildConfiguration;
			buildSettings = {
				ALWAYS_SEARCH_USER_PATHS = NO;
				CLANG_ANALYZER_NONNULL = YES;
				CLANG_ANALYZER_NUMBER_OBJECT_CONVERSION = YES_AGGRESSIVE;
				CLANG_CXX_LANGUAGE_STANDARD = "gnu++14";
				CLANG_CXX_LIBRARY = "libc++";
				CLANG_ENABLE_MODULES = YES;
				CLANG_ENABLE_OBJC_ARC = YES;
				CLANG_ENABLE_OBJC_WEAK = YES;
				CLANG_WARN_BLOCK_CAPTURE_AUTORELEASING = YES;
				CLANG_WARN_BOOL_CONVERSION = YES;
				CLANG_WARN_COMMA = YES;
				CLANG_WARN_CONSTANT_CONVERSION = YES;
				CLANG_WARN_DEPRECATED_OBJC_IMPLEMENTATIONS = YES;
				CLANG_WARN_DIRECT_OBJC_ISA_USAGE = YES_ERROR;
				CLANG_WARN_DOCUMENTATION_COMMENTS = YES;
				CLANG_WARN_EMPTY_BODY = YES;
				CLANG_WARN_ENUM_CONVERSION = YES;
				CLANG_WARN_INFINITE_RECURSION = YES;
				CLANG_WARN_INT_CONVERSION = YES;
				CLANG_WARN_NON_LITERAL_NULL_CONVERSION = YES;
				CLANG_WARN_OBJC_IMPLICIT_RETAIN_SELF = YES;
				CLANG_WARN_OBJC_LITERAL_CONVERSION = YES;
				CLANG_WARN_OBJC_ROOT_CLASS = YES_ERROR;
				CLANG_WARN_RANGE_LOOP_ANALYSIS = YES;
				CLANG_WARN_STRICT_PROTOTYPES = YES;
				CLANG_WARN_SUSPICIOUS_MOVE = YES;
				CLANG_WARN_UNGUARDED_AVAILABILITY = YES_AGGRESSIVE;
				CLANG_WARN_UNREACHABLE_CODE = YES;
				CLANG_WARN__DUPLICATE_METHOD_MATCH = YES;
				COPY_PHASE_STRIP = NO;
				DEBUG_INFORMATION_FORMAT = "dwarf-with-dsym";
				ENABLE_NS_ASSERTIONS = NO;
				ENABLE_STRICT_OBJC_MSGSEND = YES;
				GCC_C_LANGUAGE_STANDARD = gnu11;
				GCC_NO_COMMON_BLOCKS = YES;
				GCC_WARN_64_TO_32_BIT_CONVERSION = YES;
				GCC_WARN_ABOUT_RETURN_TYPE = YES_ERROR;
				GCC_WARN_UNDECLARED_SELECTOR = YES;
				GCC_WARN_UNINITIALIZED_AUTOS = YES_AGGRESSIVE;
				GCC_WARN_UNUSED_FUNCTION = YES;
				GCC_WARN_UNUSED_VARIABLE = YES;
				IPHONEOS_DEPLOYMENT_TARGET = 13.0;
				MTL_ENABLE_DEBUG_INFO = NO;
				MTL_FAST_MATH = YES;
				SDKROOT = iphoneos;
				SWIFT_COMPILATION_MODE = wholemodule;
				SWIFT_OPTIMIZATION_LEVEL = "-O";
				VALIDATE_PRODUCT = YES;
			};
			name = Release;
		};
		320ACB32235E4992003D1BE4 /* Debug */ = {
			isa = XCBuildConfiguration;
			buildSettings = {
				ASSETCATALOG_COMPILER_APPICON_NAME = AppIcon;
				CODE_SIGN_STYLE = Automatic;
				DEVELOPMENT_TEAM = YM84C6XKT7;
				INFOPLIST_FILE = "Kids Fly/Info.plist";
				LD_RUNPATH_SEARCH_PATHS = (
					"$(inherited)",
					"@executable_path/Frameworks",
				);
				PRODUCT_BUNDLE_IDENTIFIER = "com.jakeconnerly.Kids-Fly";
				PRODUCT_NAME = "$(TARGET_NAME)";
				SWIFT_VERSION = 5.0;
				TARGETED_DEVICE_FAMILY = "1,2";
			};
			name = Debug;
		};
		320ACB33235E4992003D1BE4 /* Release */ = {
			isa = XCBuildConfiguration;
			buildSettings = {
				ASSETCATALOG_COMPILER_APPICON_NAME = AppIcon;
				CODE_SIGN_STYLE = Automatic;
				DEVELOPMENT_TEAM = YM84C6XKT7;
				INFOPLIST_FILE = "Kids Fly/Info.plist";
				LD_RUNPATH_SEARCH_PATHS = (
					"$(inherited)",
					"@executable_path/Frameworks",
				);
				PRODUCT_BUNDLE_IDENTIFIER = "com.jakeconnerly.Kids-Fly";
				PRODUCT_NAME = "$(TARGET_NAME)";
				SWIFT_VERSION = 5.0;
				TARGETED_DEVICE_FAMILY = "1,2";
			};
			name = Release;
		};
/* End XCBuildConfiguration section */

/* Begin XCConfigurationList section */
		320ACB15235E4991003D1BE4 /* Build configuration list for PBXProject "Kids Fly" */ = {
			isa = XCConfigurationList;
			buildConfigurations = (
				320ACB2F235E4992003D1BE4 /* Debug */,
				320ACB30235E4992003D1BE4 /* Release */,
			);
			defaultConfigurationIsVisible = 0;
			defaultConfigurationName = Release;
		};
		320ACB31235E4992003D1BE4 /* Build configuration list for PBXNativeTarget "Kids Fly" */ = {
			isa = XCConfigurationList;
			buildConfigurations = (
				320ACB32235E4992003D1BE4 /* Debug */,
				320ACB33235E4992003D1BE4 /* Release */,
			);
			defaultConfigurationIsVisible = 0;
			defaultConfigurationName = Release;
		};
/* End XCConfigurationList section */

/* Begin XCVersionGroup section */
		05801308235E6C3200BDC9A3 /* User.xcdatamodeld */ = {
			isa = XCVersionGroup;
			children = (
				05801309235E6C3200BDC9A3 /* User.xcdatamodel */,
			);
			currentVersion = 05801309235E6C3200BDC9A3 /* User.xcdatamodel */;
			path = User.xcdatamodeld;
			sourceTree = "<group>";
			versionGroupType = wrapper.xcdatamodel;
		};
/* End XCVersionGroup section */
	};
	rootObject = 320ACB12235E4991003D1BE4 /* Project object */;
}
